// !$*UTF8*$!
{
	archiveVersion = 1;
	classes = {
	};
	objectVersion = 52;
	objects = {

/* Begin PBXBuildFile section */
		024B52E38E8B71EA1B9EC099 /* Pods_PaySteps_PayStepsUITests.framework in Frameworks */ = {isa = PBXBuildFile; fileRef = 578A9D556B6FDDFFD8FB0A4D /* Pods_PaySteps_PayStepsUITests.framework */; };
		486FC76A257B41C300C58355 /* CryptoView.swift in Sources */ = {isa = PBXBuildFile; fileRef = 486FC769257B41C300C58355 /* CryptoView.swift */; };
		4881033A254B6CCD00FF91E2 /* AppDelegate.swift in Sources */ = {isa = PBXBuildFile; fileRef = 48810339254B6CCD00FF91E2 /* AppDelegate.swift */; };
		4881033C254B6CCD00FF91E2 /* SceneDelegate.swift in Sources */ = {isa = PBXBuildFile; fileRef = 4881033B254B6CCD00FF91E2 /* SceneDelegate.swift */; };
		4881033E254B6CCD00FF91E2 /* ContentView.swift in Sources */ = {isa = PBXBuildFile; fileRef = 4881033D254B6CCD00FF91E2 /* ContentView.swift */; };
		48810340254B6CCD00FF91E2 /* Assets.xcassets in Resources */ = {isa = PBXBuildFile; fileRef = 4881033F254B6CCD00FF91E2 /* Assets.xcassets */; };
		48810343254B6CCD00FF91E2 /* Preview Assets.xcassets in Resources */ = {isa = PBXBuildFile; fileRef = 48810342254B6CCD00FF91E2 /* Preview Assets.xcassets */; };
		48810346254B6CCD00FF91E2 /* LaunchScreen.storyboard in Resources */ = {isa = PBXBuildFile; fileRef = 48810344254B6CCD00FF91E2 /* LaunchScreen.storyboard */; };
		48810351254B6CCE00FF91E2 /* PayStepsTests.swift in Sources */ = {isa = PBXBuildFile; fileRef = 48810350254B6CCE00FF91E2 /* PayStepsTests.swift */; };
		4881035C254B6CCE00FF91E2 /* PayStepsUITests.swift in Sources */ = {isa = PBXBuildFile; fileRef = 4881035B254B6CCE00FF91E2 /* PayStepsUITests.swift */; };
		4881036D254B6E0900FF91E2 /* HomeView.swift in Sources */ = {isa = PBXBuildFile; fileRef = 4881036C254B6E0900FF91E2 /* HomeView.swift */; };
		48810372254B769500FF91E2 /* ActivityRing.swift in Sources */ = {isa = PBXBuildFile; fileRef = 48810371254B769500FF91E2 /* ActivityRing.swift */; };
		488B97612550389C008A2058 /* LogView.swift in Sources */ = {isa = PBXBuildFile; fileRef = 488B97602550389C008A2058 /* LogView.swift */; };
		488B976725503A17008A2058 /* SwiftUICharts in Frameworks */ = {isa = PBXBuildFile; productRef = 488B976625503A17008A2058 /* SwiftUICharts */; };
		489196DF2553171700CEE741 /* Pedometer.swift in Sources */ = {isa = PBXBuildFile; fileRef = 489196DE2553171700CEE741 /* Pedometer.swift */; };
		489F78652568196E0079D74D /* GoogleService-Info.plist in Resources */ = {isa = PBXBuildFile; fileRef = 489F78642568196E0079D74D /* GoogleService-Info.plist */; };
		48B3DD94257F0C3C00B0A6E7 /* AccountView.swift in Sources */ = {isa = PBXBuildFile; fileRef = 48B3DD93257F0C3C00B0A6E7 /* AccountView.swift */; };
		48EAAB9925538ADC005785FA /* Notifications.swift in Sources */ = {isa = PBXBuildFile; fileRef = 48EAAB9825538ADC005785FA /* Notifications.swift */; };
		48FA7F2725682D1A00610152 /* LoginView.swift in Sources */ = {isa = PBXBuildFile; fileRef = 48FA7F2625682D1A00610152 /* LoginView.swift */; };
		48FA7F562568389500610152 /* DataView.swift in Sources */ = {isa = PBXBuildFile; fileRef = 48FA7F552568389500610152 /* DataView.swift */; };
		6DEB1A42E27F58A2EDD5D4E8 /* Pods_PayStepsTests.framework in Frameworks */ = {isa = PBXBuildFile; fileRef = 823561C6E868982A79560674 /* Pods_PayStepsTests.framework */; };
		B8E468C4AD58AEB8F06ED169 /* Pods_PaySteps.framework in Frameworks */ = {isa = PBXBuildFile; fileRef = 4AFBF60F78C92C5DBEA2734E /* Pods_PaySteps.framework */; };
/* End PBXBuildFile section */

/* Begin PBXContainerItemProxy section */
		4881034D254B6CCE00FF91E2 /* PBXContainerItemProxy */ = {
			isa = PBXContainerItemProxy;
			containerPortal = 4881032E254B6CCD00FF91E2 /* Project object */;
			proxyType = 1;
			remoteGlobalIDString = 48810335254B6CCD00FF91E2;
			remoteInfo = PaySteps;
		};
		48810358254B6CCE00FF91E2 /* PBXContainerItemProxy */ = {
			isa = PBXContainerItemProxy;
			containerPortal = 4881032E254B6CCD00FF91E2 /* Project object */;
			proxyType = 1;
			remoteGlobalIDString = 48810335254B6CCD00FF91E2;
			remoteInfo = PaySteps;
		};
/* End PBXContainerItemProxy section */

/* Begin PBXFileReference section */
		0D074A12A993B5A219539B4E /* Pods-PayStepsTests.release.xcconfig */ = {isa = PBXFileReference; includeInIndex = 1; lastKnownFileType = text.xcconfig; name = "Pods-PayStepsTests.release.xcconfig"; path = "Target Support Files/Pods-PayStepsTests/Pods-PayStepsTests.release.xcconfig"; sourceTree = "<group>"; };
		199DD6D0D3C65B7B11DF09EE /* Pods-PaySteps-PayStepsUITests.debug.xcconfig */ = {isa = PBXFileReference; includeInIndex = 1; lastKnownFileType = text.xcconfig; name = "Pods-PaySteps-PayStepsUITests.debug.xcconfig"; path = "Target Support Files/Pods-PaySteps-PayStepsUITests/Pods-PaySteps-PayStepsUITests.debug.xcconfig"; sourceTree = "<group>"; };
		43C4F71E39519F2F6AC32523 /* Pods-PaySteps.release.xcconfig */ = {isa = PBXFileReference; includeInIndex = 1; lastKnownFileType = text.xcconfig; name = "Pods-PaySteps.release.xcconfig"; path = "Target Support Files/Pods-PaySteps/Pods-PaySteps.release.xcconfig"; sourceTree = "<group>"; };
		486FC769257B41C300C58355 /* CryptoView.swift */ = {isa = PBXFileReference; lastKnownFileType = sourcecode.swift; path = CryptoView.swift; sourceTree = "<group>"; };
		48810336254B6CCD00FF91E2 /* PaySteps.app */ = {isa = PBXFileReference; explicitFileType = wrapper.application; includeInIndex = 0; path = PaySteps.app; sourceTree = BUILT_PRODUCTS_DIR; };
		48810339254B6CCD00FF91E2 /* AppDelegate.swift */ = {isa = PBXFileReference; lastKnownFileType = sourcecode.swift; path = AppDelegate.swift; sourceTree = "<group>"; };
		4881033B254B6CCD00FF91E2 /* SceneDelegate.swift */ = {isa = PBXFileReference; lastKnownFileType = sourcecode.swift; path = SceneDelegate.swift; sourceTree = "<group>"; };
		4881033D254B6CCD00FF91E2 /* ContentView.swift */ = {isa = PBXFileReference; lastKnownFileType = sourcecode.swift; path = ContentView.swift; sourceTree = "<group>"; };
		4881033F254B6CCD00FF91E2 /* Assets.xcassets */ = {isa = PBXFileReference; lastKnownFileType = folder.assetcatalog; path = Assets.xcassets; sourceTree = "<group>"; };
		48810342254B6CCD00FF91E2 /* Preview Assets.xcassets */ = {isa = PBXFileReference; lastKnownFileType = folder.assetcatalog; path = "Preview Assets.xcassets"; sourceTree = "<group>"; };
		48810345254B6CCD00FF91E2 /* Base */ = {isa = PBXFileReference; lastKnownFileType = file.storyboard; name = Base; path = Base.lproj/LaunchScreen.storyboard; sourceTree = "<group>"; };
		48810347254B6CCD00FF91E2 /* Info.plist */ = {isa = PBXFileReference; lastKnownFileType = text.plist.xml; path = Info.plist; sourceTree = "<group>"; };
		4881034C254B6CCE00FF91E2 /* PayStepsTests.xctest */ = {isa = PBXFileReference; explicitFileType = wrapper.cfbundle; includeInIndex = 0; path = PayStepsTests.xctest; sourceTree = BUILT_PRODUCTS_DIR; };
		48810350254B6CCE00FF91E2 /* PayStepsTests.swift */ = {isa = PBXFileReference; lastKnownFileType = sourcecode.swift; path = PayStepsTests.swift; sourceTree = "<group>"; };
		48810352254B6CCE00FF91E2 /* Info.plist */ = {isa = PBXFileReference; lastKnownFileType = text.plist.xml; path = Info.plist; sourceTree = "<group>"; };
		48810357254B6CCE00FF91E2 /* PayStepsUITests.xctest */ = {isa = PBXFileReference; explicitFileType = wrapper.cfbundle; includeInIndex = 0; path = PayStepsUITests.xctest; sourceTree = BUILT_PRODUCTS_DIR; };
		4881035B254B6CCE00FF91E2 /* PayStepsUITests.swift */ = {isa = PBXFileReference; lastKnownFileType = sourcecode.swift; path = PayStepsUITests.swift; sourceTree = "<group>"; };
		4881035D254B6CCE00FF91E2 /* Info.plist */ = {isa = PBXFileReference; lastKnownFileType = text.plist.xml; path = Info.plist; sourceTree = "<group>"; };
		4881036C254B6E0900FF91E2 /* HomeView.swift */ = {isa = PBXFileReference; lastKnownFileType = sourcecode.swift; path = HomeView.swift; sourceTree = "<group>"; };
		48810371254B769500FF91E2 /* ActivityRing.swift */ = {isa = PBXFileReference; lastKnownFileType = sourcecode.swift; path = ActivityRing.swift; sourceTree = "<group>"; };
		488B97602550389C008A2058 /* LogView.swift */ = {isa = PBXFileReference; lastKnownFileType = sourcecode.swift; path = LogView.swift; sourceTree = "<group>"; };
		489196DE2553171700CEE741 /* Pedometer.swift */ = {isa = PBXFileReference; lastKnownFileType = sourcecode.swift; path = Pedometer.swift; sourceTree = "<group>"; };
		489F78642568196E0079D74D /* GoogleService-Info.plist */ = {isa = PBXFileReference; fileEncoding = 4; lastKnownFileType = text.plist.xml; name = "GoogleService-Info.plist"; path = "../../../../../../Downloads/GoogleService-Info.plist"; sourceTree = "<group>"; };
		48B3DD93257F0C3C00B0A6E7 /* AccountView.swift */ = {isa = PBXFileReference; lastKnownFileType = sourcecode.swift; path = AccountView.swift; sourceTree = "<group>"; };
		48EAAB9825538ADC005785FA /* Notifications.swift */ = {isa = PBXFileReference; lastKnownFileType = sourcecode.swift; path = Notifications.swift; sourceTree = "<group>"; };
		48FA7F2625682D1A00610152 /* LoginView.swift */ = {isa = PBXFileReference; lastKnownFileType = sourcecode.swift; path = LoginView.swift; sourceTree = "<group>"; };
		48FA7F552568389500610152 /* DataView.swift */ = {isa = PBXFileReference; lastKnownFileType = sourcecode.swift; path = DataView.swift; sourceTree = "<group>"; };
		4AFBF60F78C92C5DBEA2734E /* Pods_PaySteps.framework */ = {isa = PBXFileReference; explicitFileType = wrapper.framework; includeInIndex = 0; path = Pods_PaySteps.framework; sourceTree = BUILT_PRODUCTS_DIR; };
		578A9D556B6FDDFFD8FB0A4D /* Pods_PaySteps_PayStepsUITests.framework */ = {isa = PBXFileReference; explicitFileType = wrapper.framework; includeInIndex = 0; path = Pods_PaySteps_PayStepsUITests.framework; sourceTree = BUILT_PRODUCTS_DIR; };
		5BF2BBA04D60001CEC3D00D1 /* Pods-PaySteps.debug.xcconfig */ = {isa = PBXFileReference; includeInIndex = 1; lastKnownFileType = text.xcconfig; name = "Pods-PaySteps.debug.xcconfig"; path = "Target Support Files/Pods-PaySteps/Pods-PaySteps.debug.xcconfig"; sourceTree = "<group>"; };
		6287CB1ECF6FBACB5C3EFEF3 /* Pods-PayStepsTests.debug.xcconfig */ = {isa = PBXFileReference; includeInIndex = 1; lastKnownFileType = text.xcconfig; name = "Pods-PayStepsTests.debug.xcconfig"; path = "Target Support Files/Pods-PayStepsTests/Pods-PayStepsTests.debug.xcconfig"; sourceTree = "<group>"; };
		6320695D9A4C7A4A071D14C1 /* Pods-PaySteps-PayStepsUITests.release.xcconfig */ = {isa = PBXFileReference; includeInIndex = 1; lastKnownFileType = text.xcconfig; name = "Pods-PaySteps-PayStepsUITests.release.xcconfig"; path = "Target Support Files/Pods-PaySteps-PayStepsUITests/Pods-PaySteps-PayStepsUITests.release.xcconfig"; sourceTree = "<group>"; };
		823561C6E868982A79560674 /* Pods_PayStepsTests.framework */ = {isa = PBXFileReference; explicitFileType = wrapper.framework; includeInIndex = 0; path = Pods_PayStepsTests.framework; sourceTree = BUILT_PRODUCTS_DIR; };
/* End PBXFileReference section */

/* Begin PBXFrameworksBuildPhase section */
		48810333254B6CCD00FF91E2 /* Frameworks */ = {
			isa = PBXFrameworksBuildPhase;
			buildActionMask = 2147483647;
			files = (
				488B976725503A17008A2058 /* SwiftUICharts in Frameworks */,
				B8E468C4AD58AEB8F06ED169 /* Pods_PaySteps.framework in Frameworks */,
			);
			runOnlyForDeploymentPostprocessing = 0;
		};
		48810349254B6CCE00FF91E2 /* Frameworks */ = {
			isa = PBXFrameworksBuildPhase;
			buildActionMask = 2147483647;
			files = (
				6DEB1A42E27F58A2EDD5D4E8 /* Pods_PayStepsTests.framework in Frameworks */,
			);
			runOnlyForDeploymentPostprocessing = 0;
		};
		48810354254B6CCE00FF91E2 /* Frameworks */ = {
			isa = PBXFrameworksBuildPhase;
			buildActionMask = 2147483647;
			files = (
				024B52E38E8B71EA1B9EC099 /* Pods_PaySteps_PayStepsUITests.framework in Frameworks */,
			);
			runOnlyForDeploymentPostprocessing = 0;
		};
/* End PBXFrameworksBuildPhase section */

/* Begin PBXGroup section */
		4881032D254B6CCD00FF91E2 = {
			isa = PBXGroup;
			children = (
				48810338254B6CCD00FF91E2 /* PaySteps */,
				4881034F254B6CCE00FF91E2 /* PayStepsTests */,
				4881035A254B6CCE00FF91E2 /* PayStepsUITests */,
				48810337254B6CCD00FF91E2 /* Products */,
				EEDC2D7D9973FE1EECA2E83B /* Pods */,
				87855E2BF95503A0A285A3BC /* Frameworks */,
			);
			sourceTree = "<group>";
		};
		48810337254B6CCD00FF91E2 /* Products */ = {
			isa = PBXGroup;
			children = (
				48810336254B6CCD00FF91E2 /* PaySteps.app */,
				4881034C254B6CCE00FF91E2 /* PayStepsTests.xctest */,
				48810357254B6CCE00FF91E2 /* PayStepsUITests.xctest */,
			);
			name = Products;
			sourceTree = "<group>";
		};
		48810338254B6CCD00FF91E2 /* PaySteps */ = {
			isa = PBXGroup;
			children = (
				489F78642568196E0079D74D /* GoogleService-Info.plist */,
				48810339254B6CCD00FF91E2 /* AppDelegate.swift */,
				4881033B254B6CCD00FF91E2 /* SceneDelegate.swift */,
				4881033D254B6CCD00FF91E2 /* ContentView.swift */,
				4881033F254B6CCD00FF91E2 /* Assets.xcassets */,
				48810344254B6CCD00FF91E2 /* LaunchScreen.storyboard */,
				48810347254B6CCD00FF91E2 /* Info.plist */,
				48810341254B6CCD00FF91E2 /* Preview Content */,
				4881036C254B6E0900FF91E2 /* HomeView.swift */,
				48810371254B769500FF91E2 /* ActivityRing.swift */,
				488B97602550389C008A2058 /* LogView.swift */,
				489196DE2553171700CEE741 /* Pedometer.swift */,
				48EAAB9825538ADC005785FA /* Notifications.swift */,
				48FA7F2625682D1A00610152 /* LoginView.swift */,
				48FA7F552568389500610152 /* DataView.swift */,
				486FC769257B41C300C58355 /* CryptoView.swift */,
				48B3DD93257F0C3C00B0A6E7 /* AccountView.swift */,
			);
			path = PaySteps;
			sourceTree = "<group>";
		};
		48810341254B6CCD00FF91E2 /* Preview Content */ = {
			isa = PBXGroup;
			children = (
				48810342254B6CCD00FF91E2 /* Preview Assets.xcassets */,
			);
			path = "Preview Content";
			sourceTree = "<group>";
		};
		4881034F254B6CCE00FF91E2 /* PayStepsTests */ = {
			isa = PBXGroup;
			children = (
				48810350254B6CCE00FF91E2 /* PayStepsTests.swift */,
				48810352254B6CCE00FF91E2 /* Info.plist */,
			);
			path = PayStepsTests;
			sourceTree = "<group>";
		};
		4881035A254B6CCE00FF91E2 /* PayStepsUITests */ = {
			isa = PBXGroup;
			children = (
				4881035B254B6CCE00FF91E2 /* PayStepsUITests.swift */,
				4881035D254B6CCE00FF91E2 /* Info.plist */,
			);
			path = PayStepsUITests;
			sourceTree = "<group>";
		};
		87855E2BF95503A0A285A3BC /* Frameworks */ = {
			isa = PBXGroup;
			children = (
				4AFBF60F78C92C5DBEA2734E /* Pods_PaySteps.framework */,
				578A9D556B6FDDFFD8FB0A4D /* Pods_PaySteps_PayStepsUITests.framework */,
				823561C6E868982A79560674 /* Pods_PayStepsTests.framework */,
			);
			name = Frameworks;
			sourceTree = "<group>";
		};
		EEDC2D7D9973FE1EECA2E83B /* Pods */ = {
			isa = PBXGroup;
			children = (
				5BF2BBA04D60001CEC3D00D1 /* Pods-PaySteps.debug.xcconfig */,
				43C4F71E39519F2F6AC32523 /* Pods-PaySteps.release.xcconfig */,
				199DD6D0D3C65B7B11DF09EE /* Pods-PaySteps-PayStepsUITests.debug.xcconfig */,
				6320695D9A4C7A4A071D14C1 /* Pods-PaySteps-PayStepsUITests.release.xcconfig */,
				6287CB1ECF6FBACB5C3EFEF3 /* Pods-PayStepsTests.debug.xcconfig */,
				0D074A12A993B5A219539B4E /* Pods-PayStepsTests.release.xcconfig */,
			);
			path = Pods;
			sourceTree = "<group>";
		};
/* End PBXGroup section */

/* Begin PBXNativeTarget section */
		48810335254B6CCD00FF91E2 /* PaySteps */ = {
			isa = PBXNativeTarget;
			buildConfigurationList = 48810360254B6CCE00FF91E2 /* Build configuration list for PBXNativeTarget "PaySteps" */;
			buildPhases = (
				7BFBB903A61F2BB9D6C8216C /* [CP] Check Pods Manifest.lock */,
				48810332254B6CCD00FF91E2 /* Sources */,
				48810333254B6CCD00FF91E2 /* Frameworks */,
				48810334254B6CCD00FF91E2 /* Resources */,
				3ED98E1A8BA2FB4FABFD43DA /* [CP] Embed Pods Frameworks */,
			);
			buildRules = (
			);
			dependencies = (
			);
			name = PaySteps;
			packageProductDependencies = (
				488B976625503A17008A2058 /* SwiftUICharts */,
			);
			productName = PaySteps;
			productReference = 48810336254B6CCD00FF91E2 /* PaySteps.app */;
			productType = "com.apple.product-type.application";
		};
		4881034B254B6CCE00FF91E2 /* PayStepsTests */ = {
			isa = PBXNativeTarget;
			buildConfigurationList = 48810363254B6CCE00FF91E2 /* Build configuration list for PBXNativeTarget "PayStepsTests" */;
			buildPhases = (
				71A95CC90CF8950D9A7DB62A /* [CP] Check Pods Manifest.lock */,
				48810348254B6CCE00FF91E2 /* Sources */,
				48810349254B6CCE00FF91E2 /* Frameworks */,
				4881034A254B6CCE00FF91E2 /* Resources */,
			);
			buildRules = (
			);
			dependencies = (
				4881034E254B6CCE00FF91E2 /* PBXTargetDependency */,
			);
			name = PayStepsTests;
			productName = PayStepsTests;
			productReference = 4881034C254B6CCE00FF91E2 /* PayStepsTests.xctest */;
			productType = "com.apple.product-type.bundle.unit-test";
		};
		48810356254B6CCE00FF91E2 /* PayStepsUITests */ = {
			isa = PBXNativeTarget;
			buildConfigurationList = 48810366254B6CCE00FF91E2 /* Build configuration list for PBXNativeTarget "PayStepsUITests" */;
			buildPhases = (
				F1090BC28499D0057B4C82E9 /* [CP] Check Pods Manifest.lock */,
				48810353254B6CCE00FF91E2 /* Sources */,
				48810354254B6CCE00FF91E2 /* Frameworks */,
				48810355254B6CCE00FF91E2 /* Resources */,
				4EFDBE4BB0EC04C0882CDB06 /* [CP] Embed Pods Frameworks */,
			);
			buildRules = (
			);
			dependencies = (
				48810359254B6CCE00FF91E2 /* PBXTargetDependency */,
			);
			name = PayStepsUITests;
			productName = PayStepsUITests;
			productReference = 48810357254B6CCE00FF91E2 /* PayStepsUITests.xctest */;
			productType = "com.apple.product-type.bundle.ui-testing";
		};
/* End PBXNativeTarget section */

/* Begin PBXProject section */
		4881032E254B6CCD00FF91E2 /* Project object */ = {
			isa = PBXProject;
			attributes = {
				LastSwiftUpdateCheck = 1200;
				LastUpgradeCheck = 1200;
				TargetAttributes = {
					48810335254B6CCD00FF91E2 = {
						CreatedOnToolsVersion = 12.0.1;
					};
					4881034B254B6CCE00FF91E2 = {
						CreatedOnToolsVersion = 12.0.1;
						TestTargetID = 48810335254B6CCD00FF91E2;
					};
					48810356254B6CCE00FF91E2 = {
						CreatedOnToolsVersion = 12.0.1;
						TestTargetID = 48810335254B6CCD00FF91E2;
					};
				};
			};
			buildConfigurationList = 48810331254B6CCD00FF91E2 /* Build configuration list for PBXProject "PaySteps" */;
			compatibilityVersion = "Xcode 9.3";
			developmentRegion = en;
			hasScannedForEncodings = 0;
			knownRegions = (
				en,
				Base,
			);
			mainGroup = 4881032D254B6CCD00FF91E2;
			packageReferences = (
				488B976525503A17008A2058 /* XCRemoteSwiftPackageReference "ChartView" */,
			);
			productRefGroup = 48810337254B6CCD00FF91E2 /* Products */;
			projectDirPath = "";
			projectRoot = "";
			targets = (
				48810335254B6CCD00FF91E2 /* PaySteps */,
				4881034B254B6CCE00FF91E2 /* PayStepsTests */,
				48810356254B6CCE00FF91E2 /* PayStepsUITests */,
			);
		};
/* End PBXProject section */

/* Begin PBXResourcesBuildPhase section */
		48810334254B6CCD00FF91E2 /* Resources */ = {
			isa = PBXResourcesBuildPhase;
			buildActionMask = 2147483647;
			files = (
				48810346254B6CCD00FF91E2 /* LaunchScreen.storyboard in Resources */,
				489F78652568196E0079D74D /* GoogleService-Info.plist in Resources */,
				48810343254B6CCD00FF91E2 /* Preview Assets.xcassets in Resources */,
				48810340254B6CCD00FF91E2 /* Assets.xcassets in Resources */,
			);
			runOnlyForDeploymentPostprocessing = 0;
		};
		4881034A254B6CCE00FF91E2 /* Resources */ = {
			isa = PBXResourcesBuildPhase;
			buildActionMask = 2147483647;
			files = (
			);
			runOnlyForDeploymentPostprocessing = 0;
		};
		48810355254B6CCE00FF91E2 /* Resources */ = {
			isa = PBXResourcesBuildPhase;
			buildActionMask = 2147483647;
			files = (
			);
			runOnlyForDeploymentPostprocessing = 0;
		};
/* End PBXResourcesBuildPhase section */

/* Begin PBXShellScriptBuildPhase section */
		3ED98E1A8BA2FB4FABFD43DA /* [CP] Embed Pods Frameworks */ = {
			isa = PBXShellScriptBuildPhase;
			buildActionMask = 2147483647;
			files = (
			);
			inputFileListPaths = (
				"${PODS_ROOT}/Target Support Files/Pods-PaySteps/Pods-PaySteps-frameworks-${CONFIGURATION}-input-files.xcfilelist",
			);
			name = "[CP] Embed Pods Frameworks";
			outputFileListPaths = (
				"${PODS_ROOT}/Target Support Files/Pods-PaySteps/Pods-PaySteps-frameworks-${CONFIGURATION}-output-files.xcfilelist",
			);
			runOnlyForDeploymentPostprocessing = 0;
			shellPath = /bin/sh;
			shellScript = "\"${PODS_ROOT}/Target Support Files/Pods-PaySteps/Pods-PaySteps-frameworks.sh\"\n";
			showEnvVarsInLog = 0;
		};
		4EFDBE4BB0EC04C0882CDB06 /* [CP] Embed Pods Frameworks */ = {
			isa = PBXShellScriptBuildPhase;
			buildActionMask = 2147483647;
			files = (
			);
			inputFileListPaths = (
				"${PODS_ROOT}/Target Support Files/Pods-PaySteps-PayStepsUITests/Pods-PaySteps-PayStepsUITests-frameworks-${CONFIGURATION}-input-files.xcfilelist",
			);
			name = "[CP] Embed Pods Frameworks";
			outputFileListPaths = (
				"${PODS_ROOT}/Target Support Files/Pods-PaySteps-PayStepsUITests/Pods-PaySteps-PayStepsUITests-frameworks-${CONFIGURATION}-output-files.xcfilelist",
			);
			runOnlyForDeploymentPostprocessing = 0;
			shellPath = /bin/sh;
			shellScript = "\"${PODS_ROOT}/Target Support Files/Pods-PaySteps-PayStepsUITests/Pods-PaySteps-PayStepsUITests-frameworks.sh\"\n";
			showEnvVarsInLog = 0;
		};
		71A95CC90CF8950D9A7DB62A /* [CP] Check Pods Manifest.lock */ = {
			isa = PBXShellScriptBuildPhase;
			buildActionMask = 2147483647;
			files = (
			);
			inputFileListPaths = (
			);
			inputPaths = (
				"${PODS_PODFILE_DIR_PATH}/Podfile.lock",
				"${PODS_ROOT}/Manifest.lock",
			);
			name = "[CP] Check Pods Manifest.lock";
			outputFileListPaths = (
			);
			outputPaths = (
				"$(DERIVED_FILE_DIR)/Pods-PayStepsTests-checkManifestLockResult.txt",
			);
			runOnlyForDeploymentPostprocessing = 0;
			shellPath = /bin/sh;
			shellScript = "diff \"${PODS_PODFILE_DIR_PATH}/Podfile.lock\" \"${PODS_ROOT}/Manifest.lock\" > /dev/null\nif [ $? != 0 ] ; then\n    # print error to STDERR\n    echo \"error: The sandbox is not in sync with the Podfile.lock. Run 'pod install' or update your CocoaPods installation.\" >&2\n    exit 1\nfi\n# This output is used by Xcode 'outputs' to avoid re-running this script phase.\necho \"SUCCESS\" > \"${SCRIPT_OUTPUT_FILE_0}\"\n";
			showEnvVarsInLog = 0;
		};
		7BFBB903A61F2BB9D6C8216C /* [CP] Check Pods Manifest.lock */ = {
			isa = PBXShellScriptBuildPhase;
			buildActionMask = 2147483647;
			files = (
			);
			inputFileListPaths = (
			);
			inputPaths = (
				"${PODS_PODFILE_DIR_PATH}/Podfile.lock",
				"${PODS_ROOT}/Manifest.lock",
			);
			name = "[CP] Check Pods Manifest.lock";
			outputFileListPaths = (
			);
			outputPaths = (
				"$(DERIVED_FILE_DIR)/Pods-PaySteps-checkManifestLockResult.txt",
			);
			runOnlyForDeploymentPostprocessing = 0;
			shellPath = /bin/sh;
			shellScript = "diff \"${PODS_PODFILE_DIR_PATH}/Podfile.lock\" \"${PODS_ROOT}/Manifest.lock\" > /dev/null\nif [ $? != 0 ] ; then\n    # print error to STDERR\n    echo \"error: The sandbox is not in sync with the Podfile.lock. Run 'pod install' or update your CocoaPods installation.\" >&2\n    exit 1\nfi\n# This output is used by Xcode 'outputs' to avoid re-running this script phase.\necho \"SUCCESS\" > \"${SCRIPT_OUTPUT_FILE_0}\"\n";
			showEnvVarsInLog = 0;
		};
		F1090BC28499D0057B4C82E9 /* [CP] Check Pods Manifest.lock */ = {
			isa = PBXShellScriptBuildPhase;
			buildActionMask = 2147483647;
			files = (
			);
			inputFileListPaths = (
			);
			inputPaths = (
				"${PODS_PODFILE_DIR_PATH}/Podfile.lock",
				"${PODS_ROOT}/Manifest.lock",
			);
			name = "[CP] Check Pods Manifest.lock";
			outputFileListPaths = (
			);
			outputPaths = (
				"$(DERIVED_FILE_DIR)/Pods-PaySteps-PayStepsUITests-checkManifestLockResult.txt",
			);
			runOnlyForDeploymentPostprocessing = 0;
			shellPath = /bin/sh;
			shellScript = "diff \"${PODS_PODFILE_DIR_PATH}/Podfile.lock\" \"${PODS_ROOT}/Manifest.lock\" > /dev/null\nif [ $? != 0 ] ; then\n    # print error to STDERR\n    echo \"error: The sandbox is not in sync with the Podfile.lock. Run 'pod install' or update your CocoaPods installation.\" >&2\n    exit 1\nfi\n# This output is used by Xcode 'outputs' to avoid re-running this script phase.\necho \"SUCCESS\" > \"${SCRIPT_OUTPUT_FILE_0}\"\n";
			showEnvVarsInLog = 0;
		};
/* End PBXShellScriptBuildPhase section */

/* Begin PBXSourcesBuildPhase section */
		48810332254B6CCD00FF91E2 /* Sources */ = {
			isa = PBXSourcesBuildPhase;
			buildActionMask = 2147483647;
			files = (
				48B3DD94257F0C3C00B0A6E7 /* AccountView.swift in Sources */,
				48EAAB9925538ADC005785FA /* Notifications.swift in Sources */,
				48810372254B769500FF91E2 /* ActivityRing.swift in Sources */,
				48FA7F562568389500610152 /* DataView.swift in Sources */,
				488B97612550389C008A2058 /* LogView.swift in Sources */,
				486FC76A257B41C300C58355 /* CryptoView.swift in Sources */,
				48FA7F2725682D1A00610152 /* LoginView.swift in Sources */,
				4881033A254B6CCD00FF91E2 /* AppDelegate.swift in Sources */,
				4881036D254B6E0900FF91E2 /* HomeView.swift in Sources */,
				489196DF2553171700CEE741 /* Pedometer.swift in Sources */,
				4881033C254B6CCD00FF91E2 /* SceneDelegate.swift in Sources */,
				4881033E254B6CCD00FF91E2 /* ContentView.swift in Sources */,
			);
			runOnlyForDeploymentPostprocessing = 0;
		};
		48810348254B6CCE00FF91E2 /* Sources */ = {
			isa = PBXSourcesBuildPhase;
			buildActionMask = 2147483647;
			files = (
				48810351254B6CCE00FF91E2 /* PayStepsTests.swift in Sources */,
			);
			runOnlyForDeploymentPostprocessing = 0;
		};
		48810353254B6CCE00FF91E2 /* Sources */ = {
			isa = PBXSourcesBuildPhase;
			buildActionMask = 2147483647;
			files = (
				4881035C254B6CCE00FF91E2 /* PayStepsUITests.swift in Sources */,
			);
			runOnlyForDeploymentPostprocessing = 0;
		};
/* End PBXSourcesBuildPhase section */

/* Begin PBXTargetDependency section */
		4881034E254B6CCE00FF91E2 /* PBXTargetDependency */ = {
			isa = PBXTargetDependency;
			target = 48810335254B6CCD00FF91E2 /* PaySteps */;
			targetProxy = 4881034D254B6CCE00FF91E2 /* PBXContainerItemProxy */;
		};
		48810359254B6CCE00FF91E2 /* PBXTargetDependency */ = {
			isa = PBXTargetDependency;
			target = 48810335254B6CCD00FF91E2 /* PaySteps */;
			targetProxy = 48810358254B6CCE00FF91E2 /* PBXContainerItemProxy */;
		};
/* End PBXTargetDependency section */

/* Begin PBXVariantGroup section */
		48810344254B6CCD00FF91E2 /* LaunchScreen.storyboard */ = {
			isa = PBXVariantGroup;
			children = (
				48810345254B6CCD00FF91E2 /* Base */,
			);
			name = LaunchScreen.storyboard;
			sourceTree = "<group>";
		};
/* End PBXVariantGroup section */

/* Begin XCBuildConfiguration section */
		4881035E254B6CCE00FF91E2 /* Debug */ = {
			isa = XCBuildConfiguration;
			buildSettings = {
				ALWAYS_SEARCH_USER_PATHS = NO;
				CLANG_ANALYZER_NONNULL = YES;
				CLANG_ANALYZER_NUMBER_OBJECT_CONVERSION = YES_AGGRESSIVE;
				CLANG_CXX_LANGUAGE_STANDARD = "gnu++14";
				CLANG_CXX_LIBRARY = "libc++";
				CLANG_ENABLE_MODULES = YES;
				CLANG_ENABLE_OBJC_ARC = YES;
				CLANG_ENABLE_OBJC_WEAK = YES;
				CLANG_WARN_BLOCK_CAPTURE_AUTORELEASING = YES;
				CLANG_WARN_BOOL_CONVERSION = YES;
				CLANG_WARN_COMMA = YES;
				CLANG_WARN_CONSTANT_CONVERSION = YES;
				CLANG_WARN_DEPRECATED_OBJC_IMPLEMENTATIONS = YES;
				CLANG_WARN_DIRECT_OBJC_ISA_USAGE = YES_ERROR;
				CLANG_WARN_DOCUMENTATION_COMMENTS = YES;
				CLANG_WARN_EMPTY_BODY = YES;
				CLANG_WARN_ENUM_CONVERSION = YES;
				CLANG_WARN_INFINITE_RECURSION = YES;
				CLANG_WARN_INT_CONVERSION = YES;
				CLANG_WARN_NON_LITERAL_NULL_CONVERSION = YES;
				CLANG_WARN_OBJC_IMPLICIT_RETAIN_SELF = YES;
				CLANG_WARN_OBJC_LITERAL_CONVERSION = YES;
				CLANG_WARN_OBJC_ROOT_CLASS = YES_ERROR;
				CLANG_WARN_QUOTED_INCLUDE_IN_FRAMEWORK_HEADER = YES;
				CLANG_WARN_RANGE_LOOP_ANALYSIS = YES;
				CLANG_WARN_STRICT_PROTOTYPES = YES;
				CLANG_WARN_SUSPICIOUS_MOVE = YES;
				CLANG_WARN_UNGUARDED_AVAILABILITY = YES_AGGRESSIVE;
				CLANG_WARN_UNREACHABLE_CODE = YES;
				CLANG_WARN__DUPLICATE_METHOD_MATCH = YES;
				COPY_PHASE_STRIP = NO;
				DEBUG_INFORMATION_FORMAT = dwarf;
				ENABLE_STRICT_OBJC_MSGSEND = YES;
				ENABLE_TESTABILITY = YES;
				GCC_C_LANGUAGE_STANDARD = gnu11;
				GCC_DYNAMIC_NO_PIC = NO;
				GCC_NO_COMMON_BLOCKS = YES;
				GCC_OPTIMIZATION_LEVEL = 0;
				GCC_PREPROCESSOR_DEFINITIONS = (
					"DEBUG=1",
					"$(inherited)",
				);
				GCC_WARN_64_TO_32_BIT_CONVERSION = YES;
				GCC_WARN_ABOUT_RETURN_TYPE = YES_ERROR;
				GCC_WARN_UNDECLARED_SELECTOR = YES;
				GCC_WARN_UNINITIALIZED_AUTOS = YES_AGGRESSIVE;
				GCC_WARN_UNUSED_FUNCTION = YES;
				GCC_WARN_UNUSED_VARIABLE = YES;
				IPHONEOS_DEPLOYMENT_TARGET = 14.0;
				MTL_ENABLE_DEBUG_INFO = INCLUDE_SOURCE;
				MTL_FAST_MATH = YES;
				ONLY_ACTIVE_ARCH = YES;
				SDKROOT = iphoneos;
				SWIFT_ACTIVE_COMPILATION_CONDITIONS = DEBUG;
				SWIFT_OPTIMIZATION_LEVEL = "-Onone";
			};
			name = Debug;
		};
		4881035F254B6CCE00FF91E2 /* Release */ = {
			isa = XCBuildConfiguration;
			buildSettings = {
				ALWAYS_SEARCH_USER_PATHS = NO;
				CLANG_ANALYZER_NONNULL = YES;
				CLANG_ANALYZER_NUMBER_OBJECT_CONVERSION = YES_AGGRESSIVE;
				CLANG_CXX_LANGUAGE_STANDARD = "gnu++14";
				CLANG_CXX_LIBRARY = "libc++";
				CLANG_ENABLE_MODULES = YES;
				CLANG_ENABLE_OBJC_ARC = YES;
				CLANG_ENABLE_OBJC_WEAK = YES;
				CLANG_WARN_BLOCK_CAPTURE_AUTORELEASING = YES;
				CLANG_WARN_BOOL_CONVERSION = YES;
				CLANG_WARN_COMMA = YES;
				CLANG_WARN_CONSTANT_CONVERSION = YES;
				CLANG_WARN_DEPRECATED_OBJC_IMPLEMENTATIONS = YES;
				CLANG_WARN_DIRECT_OBJC_ISA_USAGE = YES_ERROR;
				CLANG_WARN_DOCUMENTATION_COMMENTS = YES;
				CLANG_WARN_EMPTY_BODY = YES;
				CLANG_WARN_ENUM_CONVERSION = YES;
				CLANG_WARN_INFINITE_RECURSION = YES;
				CLANG_WARN_INT_CONVERSION = YES;
				CLANG_WARN_NON_LITERAL_NULL_CONVERSION = YES;
				CLANG_WARN_OBJC_IMPLICIT_RETAIN_SELF = YES;
				CLANG_WARN_OBJC_LITERAL_CONVERSION = YES;
				CLANG_WARN_OBJC_ROOT_CLASS = YES_ERROR;
				CLANG_WARN_QUOTED_INCLUDE_IN_FRAMEWORK_HEADER = YES;
				CLANG_WARN_RANGE_LOOP_ANALYSIS = YES;
				CLANG_WARN_STRICT_PROTOTYPES = YES;
				CLANG_WARN_SUSPICIOUS_MOVE = YES;
				CLANG_WARN_UNGUARDED_AVAILABILITY = YES_AGGRESSIVE;
				CLANG_WARN_UNREACHABLE_CODE = YES;
				CLANG_WARN__DUPLICATE_METHOD_MATCH = YES;
				COPY_PHASE_STRIP = NO;
				DEBUG_INFORMATION_FORMAT = "dwarf-with-dsym";
				ENABLE_NS_ASSERTIONS = NO;
				ENABLE_STRICT_OBJC_MSGSEND = YES;
				GCC_C_LANGUAGE_STANDARD = gnu11;
				GCC_NO_COMMON_BLOCKS = YES;
				GCC_WARN_64_TO_32_BIT_CONVERSION = YES;
				GCC_WARN_ABOUT_RETURN_TYPE = YES_ERROR;
				GCC_WARN_UNDECLARED_SELECTOR = YES;
				GCC_WARN_UNINITIALIZED_AUTOS = YES_AGGRESSIVE;
				GCC_WARN_UNUSED_FUNCTION = YES;
				GCC_WARN_UNUSED_VARIABLE = YES;
				IPHONEOS_DEPLOYMENT_TARGET = 14.0;
				MTL_ENABLE_DEBUG_INFO = NO;
				MTL_FAST_MATH = YES;
				SDKROOT = iphoneos;
				SWIFT_COMPILATION_MODE = wholemodule;
				SWIFT_OPTIMIZATION_LEVEL = "-O";
				VALIDATE_PRODUCT = YES;
			};
			name = Release;
		};
		48810361254B6CCE00FF91E2 /* Debug */ = {
			isa = XCBuildConfiguration;
			baseConfigurationReference = 5BF2BBA04D60001CEC3D00D1 /* Pods-PaySteps.debug.xcconfig */;
			buildSettings = {
				ASSETCATALOG_COMPILER_APPICON_NAME = AppIcon;
				ASSETCATALOG_COMPILER_GLOBAL_ACCENT_COLOR_NAME = AccentColor;
				CODE_SIGN_STYLE = Automatic;
				DEVELOPMENT_ASSET_PATHS = "\"PaySteps/Preview Content\"";
				DEVELOPMENT_TEAM = 3NS47FT4Y2;
				ENABLE_PREVIEWS = YES;
				INFOPLIST_FILE = PaySteps/Info.plist;
				LD_RUNPATH_SEARCH_PATHS = (
					"$(inherited)",
					"@executable_path/Frameworks",
				);
				PRODUCT_BUNDLE_IDENTIFIER = gray.PaySteps;
				PRODUCT_NAME = "$(TARGET_NAME)";
				SWIFT_VERSION = 5.0;
				TARGETED_DEVICE_FAMILY = 1;
			};
			name = Debug;
		};
		48810362254B6CCE00FF91E2 /* Release */ = {
			isa = XCBuildConfiguration;
			baseConfigurationReference = 43C4F71E39519F2F6AC32523 /* Pods-PaySteps.release.xcconfig */;
			buildSettings = {
				ASSETCATALOG_COMPILER_APPICON_NAME = AppIcon;
				ASSETCATALOG_COMPILER_GLOBAL_ACCENT_COLOR_NAME = AccentColor;
				CODE_SIGN_STYLE = Automatic;
				DEVELOPMENT_ASSET_PATHS = "\"PaySteps/Preview Content\"";
				DEVELOPMENT_TEAM = 3NS47FT4Y2;
				ENABLE_PREVIEWS = YES;
				INFOPLIST_FILE = PaySteps/Info.plist;
				LD_RUNPATH_SEARCH_PATHS = (
					"$(inherited)",
					"@executable_path/Frameworks",
				);
				PRODUCT_BUNDLE_IDENTIFIER = gray.PaySteps;
				PRODUCT_NAME = "$(TARGET_NAME)";
				SWIFT_VERSION = 5.0;
				TARGETED_DEVICE_FAMILY = 1;
			};
			name = Release;
		};
		48810364254B6CCE00FF91E2 /* Debug */ = {
			isa = XCBuildConfiguration;
			baseConfigurationReference = 6287CB1ECF6FBACB5C3EFEF3 /* Pods-PayStepsTests.debug.xcconfig */;
			buildSettings = {
				ALWAYS_EMBED_SWIFT_STANDARD_LIBRARIES = YES;
				BUNDLE_LOADER = "$(TEST_HOST)";
				CODE_SIGN_STYLE = Automatic;
				INFOPLIST_FILE = PayStepsTests/Info.plist;
				IPHONEOS_DEPLOYMENT_TARGET = 14.0;
				LD_RUNPATH_SEARCH_PATHS = (
					"$(inherited)",
					"@executable_path/Frameworks",
					"@loader_path/Frameworks",
				);
				PRODUCT_BUNDLE_IDENTIFIER = gray.PayStepsTests;
				PRODUCT_NAME = "$(TARGET_NAME)";
				SWIFT_VERSION = 5.0;
				TARGETED_DEVICE_FAMILY = "1,2";
				TEST_HOST = "$(BUILT_PRODUCTS_DIR)/PaySteps.app/PaySteps";
			};
			name = Debug;
		};
		48810365254B6CCE00FF91E2 /* Release */ = {
			isa = XCBuildConfiguration;
			baseConfigurationReference = 0D074A12A993B5A219539B4E /* Pods-PayStepsTests.release.xcconfig */;
			buildSettings = {
				ALWAYS_EMBED_SWIFT_STANDARD_LIBRARIES = YES;
				BUNDLE_LOADER = "$(TEST_HOST)";
				CODE_SIGN_STYLE = Automatic;
				INFOPLIST_FILE = PayStepsTests/Info.plist;
				IPHONEOS_DEPLOYMENT_TARGET = 14.0;
				LD_RUNPATH_SEARCH_PATHS = (
					"$(inherited)",
					"@executable_path/Frameworks",
					"@loader_path/Frameworks",
				);
				PRODUCT_BUNDLE_IDENTIFIER = gray.PayStepsTests;
				PRODUCT_NAME = "$(TARGET_NAME)";
				SWIFT_VERSION = 5.0;
				TARGETED_DEVICE_FAMILY = "1,2";
				TEST_HOST = "$(BUILT_PRODUCTS_DIR)/PaySteps.app/PaySteps";
			};
			name = Release;
		};
		48810367254B6CCE00FF91E2 /* Debug */ = {
			isa = XCBuildConfiguration;
			baseConfigurationReference = 199DD6D0D3C65B7B11DF09EE /* Pods-PaySteps-PayStepsUITests.debug.xcconfig */;
			buildSettings = {
				ALWAYS_EMBED_SWIFT_STANDARD_LIBRARIES = YES;
				CODE_SIGN_STYLE = Automatic;
				INFOPLIST_FILE = PayStepsUITests/Info.plist;
				LD_RUNPATH_SEARCH_PATHS = (
					"$(inherited)",
					"@executable_path/Frameworks",
					"@loader_path/Frameworks",
				);
				PRODUCT_BUNDLE_IDENTIFIER = gray.PayStepsUITests;
				PRODUCT_NAME = "$(TARGET_NAME)";
				SWIFT_VERSION = 5.0;
				TARGETED_DEVICE_FAMILY = "1,2";
				TEST_TARGET_NAME = PaySteps;
			};
			name = Debug;
		};
		48810368254B6CCE00FF91E2 /* Release */ = {
			isa = XCBuildConfiguration;
			baseConfigurationReference = 6320695D9A4C7A4A071D14C1 /* Pods-PaySteps-PayStepsUITests.release.xcconfig */;
			buildSettings = {
				ALWAYS_EMBED_SWIFT_STANDARD_LIBRARIES = YES;
				CODE_SIGN_STYLE = Automatic;
				INFOPLIST_FILE = PayStepsUITests/Info.plist;
				LD_RUNPATH_SEARCH_PATHS = (
					"$(inherited)",
					"@executable_path/Frameworks",
					"@loader_path/Frameworks",
				);
				PRODUCT_BUNDLE_IDENTIFIER = gray.PayStepsUITests;
				PRODUCT_NAME = "$(TARGET_NAME)";
				SWIFT_VERSION = 5.0;
				TARGETED_DEVICE_FAMILY = "1,2";
				TEST_TARGET_NAME = PaySteps;
			};
			name = Release;
		};
/* End XCBuildConfiguration section */

/* Begin XCConfigurationList section */
		48810331254B6CCD00FF91E2 /* Build configuration list for PBXProject "PaySteps" */ = {
			isa = XCConfigurationList;
			buildConfigurations = (
				4881035E254B6CCE00FF91E2 /* Debug */,
				4881035F254B6CCE00FF91E2 /* Release */,
			);
			defaultConfigurationIsVisible = 0;
			defaultConfigurationName = Release;
		};
		48810360254B6CCE00FF91E2 /* Build configuration list for PBXNativeTarget "PaySteps" */ = {
			isa = XCConfigurationList;
			buildConfigurations = (
				48810361254B6CCE00FF91E2 /* Debug */,
				48810362254B6CCE00FF91E2 /* Release */,
			);
			defaultConfigurationIsVisible = 0;
			defaultConfigurationName = Release;
		};
		48810363254B6CCE00FF91E2 /* Build configuration list for PBXNativeTarget "PayStepsTests" */ = {
			isa = XCConfigurationList;
			buildConfigurations = (
				48810364254B6CCE00FF91E2 /* Debug */,
				48810365254B6CCE00FF91E2 /* Release */,
			);
			defaultConfigurationIsVisible = 0;
			defaultConfigurationName = Release;
		};
		48810366254B6CCE00FF91E2 /* Build configuration list for PBXNativeTarget "PayStepsUITests" */ = {
			isa = XCConfigurationList;
			buildConfigurations = (
				48810367254B6CCE00FF91E2 /* Debug */,
				48810368254B6CCE00FF91E2 /* Release */,
			);
			defaultConfigurationIsVisible = 0;
			defaultConfigurationName = Release;
		};
/* End XCConfigurationList section */

/* Begin XCRemoteSwiftPackageReference section */
		488B976525503A17008A2058 /* XCRemoteSwiftPackageReference "ChartView" */ = {
			isa = XCRemoteSwiftPackageReference;
			repositoryURL = "https://github.com/AppPear/ChartView";
			requirement = {
				kind = upToNextMajorVersion;
				minimumVersion = 1.5.4;
			};
		};
/* End XCRemoteSwiftPackageReference section */

/* Begin XCSwiftPackageProductDependency section */
		488B976625503A17008A2058 /* SwiftUICharts */ = {
			isa = XCSwiftPackageProductDependency;
			package = 488B976525503A17008A2058 /* XCRemoteSwiftPackageReference "ChartView" */;
			productName = SwiftUICharts;
		};
/* End XCSwiftPackageProductDependency section */
	};
	rootObject = 4881032E254B6CCD00FF91E2 /* Project object */;
}
